
Microsoft Visual Studio Solution File, Format Version 12.00
# Visual Studio 15
VisualStudioVersion = 15.0.27130.2036
MinimumVisualStudioVersion = 10.0.40219.1
Project("{2150E333-8FDC-42A3-9474-1A3956D46DE8}") = "10 Core", "10 Core", "{B324EBE8-A0A7-4433-AEE9-51EB17A6A093}"
EndProject
Project("{9A19103F-16F7-4668-BE54-9A1E7A4F7556}") = "Bloemert.Lib.Config", "Bloemert.Lib.Config\Bloemert.Lib.Config.csproj", "{C5B495CA-A850-4FFA-86E4-B6D9E147A2E0}"
EndProject
Project("{9A19103F-16F7-4668-BE54-9A1E7A4F7556}") = "Bloemert.Lib.Auto", "Bloemert.Lib.Auto\Bloemert.Lib.Auto.csproj", "{78F27E45-DB70-45C8-9FE9-82A35FF7D5AA}"
EndProject
Project("{9A19103F-16F7-4668-BE54-9A1E7A4F7556}") = "Bloemert.Lib.Common", "Bloemert.Lib.Common\Bloemert.Lib.Common.csproj", "{8BF9D29D-5F98-4F3F-9C81-F811E5FF0B85}"
EndProject
Project("{9A19103F-16F7-4668-BE54-9A1E7A4F7556}") = "Bloemert.Lib.Logging", "Bloemert.Lib.Logging\Bloemert.Lib.Logging.csproj", "{80FF81DF-E9C7-4AE2-8377-92C996C76540}"
EndProject
Project("{2150E333-8FDC-42A3-9474-1A3956D46DE8}") = "Tests", "Tests", "{D1D32FDB-0D85-4898-A019-BAB525AFF9A4}"
EndProject
Project("{2150E333-8FDC-42A3-9474-1A3956D46DE8}") = "Libs", "Libs", "{A50215A5-775B-4E79-861B-8E075AFBEC56}"
EndProject
Project("{9A19103F-16F7-4668-BE54-9A1E7A4F7556}") = "Bloemert.Lib.Logging.Tests", "Bloemert.Lib.Logging.Tests\Bloemert.Lib.Logging.Tests.csproj", "{D3AD6089-1678-46A6-B53E-D53DCD32DD70}"
	ProjectSection(ProjectDependencies) = postProject
		{80FF81DF-E9C7-4AE2-8377-92C996C76540} = {80FF81DF-E9C7-4AE2-8377-92C996C76540}
	EndProjectSection
EndProject
Project("{9A19103F-16F7-4668-BE54-9A1E7A4F7556}") = "Bloemert.Lib.Config.Tests", "Bloemert.Lib.Config.Tests\Bloemert.Lib.Config.Tests.csproj", "{3B608DFA-9142-435A-9D0A-CBE393103F77}"
	ProjectSection(ProjectDependencies) = postProject
		{C5B495CA-A850-4FFA-86E4-B6D9E147A2E0} = {C5B495CA-A850-4FFA-86E4-B6D9E147A2E0}
	EndProjectSection
EndProject
Project("{9A19103F-16F7-4668-BE54-9A1E7A4F7556}") = "Bloemert.Data.Core", "Bloemert.Data.Core\Bloemert.Data.Core.csproj", "{50630E2E-9A7B-47EB-83AF-3DE42DB55A48}"
EndProject
Project("{2150E333-8FDC-42A3-9474-1A3956D46DE8}") = "20 Database", "20 Database", "{A9F7E214-458C-4AC0-83E8-050FB5BDB5F0}"
EndProject
Project("{00D1A9C2-B5F0-4AF3-8072-F6C62B433612}") = "Einstein.Database", "Einstein.Database\Einstein.Database.sqlproj", "{577308E6-EE90-4075-8443-78D9184E9879}"
EndProject
Project("{2150E333-8FDC-42A3-9474-1A3956D46DE8}") = "50 WebApi", "50 WebApi", "{1F90A797-0CF4-4DBA-BAA9-332654910208}"
EndProject
Project("{2150E333-8FDC-42A3-9474-1A3956D46DE8}") = "70 WebUI", "70 WebUI", "{2DE4B5A3-A22E-400D-97EF-495ACFF1B771}"
EndProject
Project("{9A19103F-16F7-4668-BE54-9A1E7A4F7556}") = "Einstein.WebUI", "Einstein.WebUI\Einstein.WebUI.csproj", "{861A974E-34EE-430D-B951-CDBC20AB0638}"
EndProject
Project("{2150E333-8FDC-42A3-9474-1A3956D46DE8}") = "30 DataLayer", "30 DataLayer", "{58E95410-CE15-4CDF-BC44-482F39D5DD46}"
EndProject
Project("{9A19103F-16F7-4668-BE54-9A1E7A4F7556}") = "Bloemert.Data.Entity.Admin", "Bloemert.Data.Entity.Admin\Bloemert.Data.Entity.Admin.csproj", "{6F27BB62-0DD2-4C7A-8B7C-A0B31C9093EA}"
EndProject
Project("{9A19103F-16F7-4668-BE54-9A1E7A4F7556}") = "Bloemert.Data.Entity.Auth", "Bloemert.Data.Entity.Auth\Bloemert.Data.Entity.Auth.csproj", "{B5B37899-8141-4570-9626-D884683E1AD2}"
EndProject
Project("{9A19103F-16F7-4668-BE54-9A1E7A4F7556}") = "Bloemert.Data.Entity.Skills", "Bloemert.Data.Entity.Skills\Bloemert.Data.Entity.Skills.csproj", "{077CB3B7-B431-4B36-AE3D-824C0D19E733}"
EndProject
Project("{9A19103F-16F7-4668-BE54-9A1E7A4F7556}") = "Bloemert.Data.Entity.Work", "Bloemert.Data.Entity.Work\Bloemert.Data.Entity.Work.csproj", "{A2C57513-E12C-404B-BDEB-4C83A885B614}"
EndProject
Project("{9A19103F-16F7-4668-BE54-9A1E7A4F7556}") = "Einstein.WebAPI", "Einstein.WebAPI\Einstein.WebAPI.csproj", "{7BD24B1E-C001-496F-9AE3-3FF7889F9159}"
EndProject
Global
	GlobalSection(SolutionConfigurationPlatforms) = preSolution
		Debug|Any CPU = Debug|Any CPU
		Debug|x64 = Debug|x64
		Release|Any CPU = Release|Any CPU
		Release|x64 = Release|x64
	EndGlobalSection
	GlobalSection(ProjectConfigurationPlatforms) = postSolution
		{C5B495CA-A850-4FFA-86E4-B6D9E147A2E0}.Debug|Any CPU.ActiveCfg = Debug|Any CPU
		{C5B495CA-A850-4FFA-86E4-B6D9E147A2E0}.Debug|Any CPU.Build.0 = Debug|Any CPU
		{C5B495CA-A850-4FFA-86E4-B6D9E147A2E0}.Debug|x64.ActiveCfg = Debug|x64
		{C5B495CA-A850-4FFA-86E4-B6D9E147A2E0}.Debug|x64.Build.0 = Debug|x64
		{C5B495CA-A850-4FFA-86E4-B6D9E147A2E0}.Release|Any CPU.ActiveCfg = Release|Any CPU
		{C5B495CA-A850-4FFA-86E4-B6D9E147A2E0}.Release|Any CPU.Build.0 = Release|Any CPU
		{C5B495CA-A850-4FFA-86E4-B6D9E147A2E0}.Release|x64.ActiveCfg = Release|x64
		{C5B495CA-A850-4FFA-86E4-B6D9E147A2E0}.Release|x64.Build.0 = Release|x64
		{78F27E45-DB70-45C8-9FE9-82A35FF7D5AA}.Debug|Any CPU.ActiveCfg = Debug|Any CPU
		{78F27E45-DB70-45C8-9FE9-82A35FF7D5AA}.Debug|Any CPU.Build.0 = Debug|Any CPU
		{78F27E45-DB70-45C8-9FE9-82A35FF7D5AA}.Debug|x64.ActiveCfg = Debug|x64
		{78F27E45-DB70-45C8-9FE9-82A35FF7D5AA}.Debug|x64.Build.0 = Debug|x64
		{78F27E45-DB70-45C8-9FE9-82A35FF7D5AA}.Release|Any CPU.ActiveCfg = Release|Any CPU
		{78F27E45-DB70-45C8-9FE9-82A35FF7D5AA}.Release|Any CPU.Build.0 = Release|Any CPU
		{78F27E45-DB70-45C8-9FE9-82A35FF7D5AA}.Release|x64.ActiveCfg = Release|Any CPU
		{78F27E45-DB70-45C8-9FE9-82A35FF7D5AA}.Release|x64.Build.0 = Release|Any CPU
		{8BF9D29D-5F98-4F3F-9C81-F811E5FF0B85}.Debug|Any CPU.ActiveCfg = Debug|Any CPU
		{8BF9D29D-5F98-4F3F-9C81-F811E5FF0B85}.Debug|Any CPU.Build.0 = Debug|Any CPU
		{8BF9D29D-5F98-4F3F-9C81-F811E5FF0B85}.Debug|x64.ActiveCfg = Debug|x64
		{8BF9D29D-5F98-4F3F-9C81-F811E5FF0B85}.Debug|x64.Build.0 = Debug|x64
		{8BF9D29D-5F98-4F3F-9C81-F811E5FF0B85}.Release|Any CPU.ActiveCfg = Release|Any CPU
		{8BF9D29D-5F98-4F3F-9C81-F811E5FF0B85}.Release|Any CPU.Build.0 = Release|Any CPU
		{8BF9D29D-5F98-4F3F-9C81-F811E5FF0B85}.Release|x64.ActiveCfg = Release|x64
		{8BF9D29D-5F98-4F3F-9C81-F811E5FF0B85}.Release|x64.Build.0 = Release|x64
		{80FF81DF-E9C7-4AE2-8377-92C996C76540}.Debug|Any CPU.ActiveCfg = Debug|Any CPU
		{80FF81DF-E9C7-4AE2-8377-92C996C76540}.Debug|Any CPU.Build.0 = Debug|Any CPU
		{80FF81DF-E9C7-4AE2-8377-92C996C76540}.Debug|x64.ActiveCfg = Debug|x64
		{80FF81DF-E9C7-4AE2-8377-92C996C76540}.Debug|x64.Build.0 = Debug|x64
		{80FF81DF-E9C7-4AE2-8377-92C996C76540}.Release|Any CPU.ActiveCfg = Release|Any CPU
		{80FF81DF-E9C7-4AE2-8377-92C996C76540}.Release|Any CPU.Build.0 = Release|Any CPU
		{80FF81DF-E9C7-4AE2-8377-92C996C76540}.Release|x64.ActiveCfg = Release|x64
		{80FF81DF-E9C7-4AE2-8377-92C996C76540}.Release|x64.Build.0 = Release|x64
		{D3AD6089-1678-46A6-B53E-D53DCD32DD70}.Debug|Any CPU.ActiveCfg = Debug|Any CPU
		{D3AD6089-1678-46A6-B53E-D53DCD32DD70}.Debug|Any CPU.Build.0 = Debug|Any CPU
		{D3AD6089-1678-46A6-B53E-D53DCD32DD70}.Debug|x64.ActiveCfg = Debug|x64
		{D3AD6089-1678-46A6-B53E-D53DCD32DD70}.Debug|x64.Build.0 = Debug|x64
		{D3AD6089-1678-46A6-B53E-D53DCD32DD70}.Release|Any CPU.ActiveCfg = Release|Any CPU
		{D3AD6089-1678-46A6-B53E-D53DCD32DD70}.Release|Any CPU.Build.0 = Release|Any CPU
		{D3AD6089-1678-46A6-B53E-D53DCD32DD70}.Release|x64.ActiveCfg = Release|x64
		{D3AD6089-1678-46A6-B53E-D53DCD32DD70}.Release|x64.Build.0 = Release|x64
		{3B608DFA-9142-435A-9D0A-CBE393103F77}.Debug|Any CPU.ActiveCfg = Debug|Any CPU
		{3B608DFA-9142-435A-9D0A-CBE393103F77}.Debug|Any CPU.Build.0 = Debug|Any CPU
		{3B608DFA-9142-435A-9D0A-CBE393103F77}.Debug|x64.ActiveCfg = Debug|x64
		{3B608DFA-9142-435A-9D0A-CBE393103F77}.Debug|x64.Build.0 = Debug|x64
		{3B608DFA-9142-435A-9D0A-CBE393103F77}.Release|Any CPU.ActiveCfg = Release|Any CPU
		{3B608DFA-9142-435A-9D0A-CBE393103F77}.Release|Any CPU.Build.0 = Release|Any CPU
		{3B608DFA-9142-435A-9D0A-CBE393103F77}.Release|x64.ActiveCfg = Release|x64
		{3B608DFA-9142-435A-9D0A-CBE393103F77}.Release|x64.Build.0 = Release|x64
		{50630E2E-9A7B-47EB-83AF-3DE42DB55A48}.Debug|Any CPU.ActiveCfg = Debug|Any CPU
		{50630E2E-9A7B-47EB-83AF-3DE42DB55A48}.Debug|Any CPU.Build.0 = Debug|Any CPU
		{50630E2E-9A7B-47EB-83AF-3DE42DB55A48}.Debug|x64.ActiveCfg = Debug|x64
		{50630E2E-9A7B-47EB-83AF-3DE42DB55A48}.Debug|x64.Build.0 = Debug|x64
		{50630E2E-9A7B-47EB-83AF-3DE42DB55A48}.Release|Any CPU.ActiveCfg = Release|Any CPU
		{50630E2E-9A7B-47EB-83AF-3DE42DB55A48}.Release|Any CPU.Build.0 = Release|Any CPU
		{50630E2E-9A7B-47EB-83AF-3DE42DB55A48}.Release|x64.ActiveCfg = Release|x64
		{50630E2E-9A7B-47EB-83AF-3DE42DB55A48}.Release|x64.Build.0 = Release|x64
		{577308E6-EE90-4075-8443-78D9184E9879}.Debug|Any CPU.ActiveCfg = Debug|Any CPU
		{577308E6-EE90-4075-8443-78D9184E9879}.Debug|Any CPU.Build.0 = Debug|Any CPU
		{577308E6-EE90-4075-8443-78D9184E9879}.Debug|Any CPU.Deploy.0 = Debug|Any CPU
		{577308E6-EE90-4075-8443-78D9184E9879}.Debug|x64.ActiveCfg = Debug|x64
		{577308E6-EE90-4075-8443-78D9184E9879}.Debug|x64.Build.0 = Debug|x64
		{577308E6-EE90-4075-8443-78D9184E9879}.Debug|x64.Deploy.0 = Debug|x64
		{577308E6-EE90-4075-8443-78D9184E9879}.Release|Any CPU.ActiveCfg = Release|Any CPU
		{577308E6-EE90-4075-8443-78D9184E9879}.Release|Any CPU.Build.0 = Release|Any CPU
		{577308E6-EE90-4075-8443-78D9184E9879}.Release|Any CPU.Deploy.0 = Release|Any CPU
		{577308E6-EE90-4075-8443-78D9184E9879}.Release|x64.ActiveCfg = Release|x64
		{577308E6-EE90-4075-8443-78D9184E9879}.Release|x64.Build.0 = Release|x64
		{577308E6-EE90-4075-8443-78D9184E9879}.Release|x64.Deploy.0 = Release|x64
		{861A974E-34EE-430D-B951-CDBC20AB0638}.Debug|Any CPU.ActiveCfg = Debug|Any CPU
		{861A974E-34EE-430D-B951-CDBC20AB0638}.Debug|Any CPU.Build.0 = Debug|Any CPU
		{861A974E-34EE-430D-B951-CDBC20AB0638}.Debug|x64.ActiveCfg = Debug|x64
		{861A974E-34EE-430D-B951-CDBC20AB0638}.Debug|x64.Build.0 = Debug|x64
		{861A974E-34EE-430D-B951-CDBC20AB0638}.Release|Any CPU.ActiveCfg = Release|Any CPU
		{861A974E-34EE-430D-B951-CDBC20AB0638}.Release|Any CPU.Build.0 = Release|Any CPU
		{861A974E-34EE-430D-B951-CDBC20AB0638}.Release|x64.ActiveCfg = Release|x64
		{861A974E-34EE-430D-B951-CDBC20AB0638}.Release|x64.Build.0 = Release|x64
		{6F27BB62-0DD2-4C7A-8B7C-A0B31C9093EA}.Debug|Any CPU.ActiveCfg = Debug|Any CPU
		{6F27BB62-0DD2-4C7A-8B7C-A0B31C9093EA}.Debug|Any CPU.Build.0 = Debug|Any CPU
		{6F27BB62-0DD2-4C7A-8B7C-A0B31C9093EA}.Debug|x64.ActiveCfg = Debug|x64
		{6F27BB62-0DD2-4C7A-8B7C-A0B31C9093EA}.Debug|x64.Build.0 = Debug|x64
		{6F27BB62-0DD2-4C7A-8B7C-A0B31C9093EA}.Release|Any CPU.ActiveCfg = Release|Any CPU
		{6F27BB62-0DD2-4C7A-8B7C-A0B31C9093EA}.Release|Any CPU.Build.0 = Release|Any CPU
		{6F27BB62-0DD2-4C7A-8B7C-A0B31C9093EA}.Release|x64.ActiveCfg = Release|x64
		{6F27BB62-0DD2-4C7A-8B7C-A0B31C9093EA}.Release|x64.Build.0 = Release|x64
		{B5B37899-8141-4570-9626-D884683E1AD2}.Debug|Any CPU.ActiveCfg = Debug|Any CPU
		{B5B37899-8141-4570-9626-D884683E1AD2}.Debug|Any CPU.Build.0 = Debug|Any CPU
		{B5B37899-8141-4570-9626-D884683E1AD2}.Debug|x64.ActiveCfg = Debug|x64
		{B5B37899-8141-4570-9626-D884683E1AD2}.Debug|x64.Build.0 = Debug|x64
		{B5B37899-8141-4570-9626-D884683E1AD2}.Release|Any CPU.ActiveCfg = Release|Any CPU
		{B5B37899-8141-4570-9626-D884683E1AD2}.Release|Any CPU.Build.0 = Release|Any CPU
		{B5B37899-8141-4570-9626-D884683E1AD2}.Release|x64.ActiveCfg = Release|x64
		{B5B37899-8141-4570-9626-D884683E1AD2}.Release|x64.Build.0 = Release|x64
		{077CB3B7-B431-4B36-AE3D-824C0D19E733}.Debug|Any CPU.ActiveCfg = Debug|Any CPU
		{077CB3B7-B431-4B36-AE3D-824C0D19E733}.Debug|Any CPU.Build.0 = Debug|Any CPU
		{077CB3B7-B431-4B36-AE3D-824C0D19E733}.Debug|x64.ActiveCfg = Debug|x64
		{077CB3B7-B431-4B36-AE3D-824C0D19E733}.Debug|x64.Build.0 = Debug|x64
		{077CB3B7-B431-4B36-AE3D-824C0D19E733}.Release|Any CPU.ActiveCfg = Release|Any CPU
		{077CB3B7-B431-4B36-AE3D-824C0D19E733}.Release|Any CPU.Build.0 = Release|Any CPU
		{077CB3B7-B431-4B36-AE3D-824C0D19E733}.Release|x64.ActiveCfg = Release|x64
		{077CB3B7-B431-4B36-AE3D-824C0D19E733}.Release|x64.Build.0 = Release|x64
		{A2C57513-E12C-404B-BDEB-4C83A885B614}.Debug|Any CPU.ActiveCfg = Debug|Any CPU
		{A2C57513-E12C-404B-BDEB-4C83A885B614}.Debug|Any CPU.Build.0 = Debug|Any CPU
		{A2C57513-E12C-404B-BDEB-4C83A885B614}.Debug|x64.ActiveCfg = Debug|x64
		{A2C57513-E12C-404B-BDEB-4C83A885B614}.Debug|x64.Build.0 = Debug|x64
		{A2C57513-E12C-404B-BDEB-4C83A885B614}.Release|Any CPU.ActiveCfg = Release|Any CPU
		{A2C57513-E12C-404B-BDEB-4C83A885B614}.Release|Any CPU.Build.0 = Release|Any CPU
		{A2C57513-E12C-404B-BDEB-4C83A885B614}.Release|x64.ActiveCfg = Release|x64
		{A2C57513-E12C-404B-BDEB-4C83A885B614}.Release|x64.Build.0 = Release|x64
		{7BD24B1E-C001-496F-9AE3-3FF7889F9159}.Debug|Any CPU.ActiveCfg = Debug|Any CPU
		{7BD24B1E-C001-496F-9AE3-3FF7889F9159}.Debug|Any CPU.Build.0 = Debug|Any CPU
		{7BD24B1E-C001-496F-9AE3-3FF7889F9159}.Debug|x64.ActiveCfg = Debug|x64
		{7BD24B1E-C001-496F-9AE3-3FF7889F9159}.Debug|x64.Build.0 = Debug|x64
		{7BD24B1E-C001-496F-9AE3-3FF7889F9159}.Release|Any CPU.ActiveCfg = Release|Any CPU
		{7BD24B1E-C001-496F-9AE3-3FF7889F9159}.Release|Any CPU.Build.0 = Release|Any CPU
		{7BD24B1E-C001-496F-9AE3-3FF7889F9159}.Release|x64.ActiveCfg = Release|Any CPU
		{7BD24B1E-C001-496F-9AE3-3FF7889F9159}.Release|x64.Build.0 = Release|Any CPU
	EndGlobalSection
	GlobalSection(SolutionProperties) = preSolution
		HideSolutionNode = FALSE
	EndGlobalSection
	GlobalSection(NestedProjects) = preSolution
		{C5B495CA-A850-4FFA-86E4-B6D9E147A2E0} = {A50215A5-775B-4E79-861B-8E075AFBEC56}
		{78F27E45-DB70-45C8-9FE9-82A35FF7D5AA} = {A50215A5-775B-4E79-861B-8E075AFBEC56}
		{8BF9D29D-5F98-4F3F-9C81-F811E5FF0B85} = {A50215A5-775B-4E79-861B-8E075AFBEC56}
		{80FF81DF-E9C7-4AE2-8377-92C996C76540} = {A50215A5-775B-4E79-861B-8E075AFBEC56}
		{D1D32FDB-0D85-4898-A019-BAB525AFF9A4} = {B324EBE8-A0A7-4433-AEE9-51EB17A6A093}
		{A50215A5-775B-4E79-861B-8E075AFBEC56} = {B324EBE8-A0A7-4433-AEE9-51EB17A6A093}
		{D3AD6089-1678-46A6-B53E-D53DCD32DD70} = {D1D32FDB-0D85-4898-A019-BAB525AFF9A4}
		{3B608DFA-9142-435A-9D0A-CBE393103F77} = {D1D32FDB-0D85-4898-A019-BAB525AFF9A4}
		{50630E2E-9A7B-47EB-83AF-3DE42DB55A48} = {A50215A5-775B-4E79-861B-8E075AFBEC56}
		{577308E6-EE90-4075-8443-78D9184E9879} = {A9F7E214-458C-4AC0-83E8-050FB5BDB5F0}
		{861A974E-34EE-430D-B951-CDBC20AB0638} = {2DE4B5A3-A22E-400D-97EF-495ACFF1B771}
		{6F27BB62-0DD2-4C7A-8B7C-A0B31C9093EA} = {58E95410-CE15-4CDF-BC44-482F39D5DD46}
		{B5B37899-8141-4570-9626-D884683E1AD2} = {58E95410-CE15-4CDF-BC44-482F39D5DD46}
		{077CB3B7-B431-4B36-AE3D-824C0D19E733} = {58E95410-CE15-4CDF-BC44-482F39D5DD46}
		{A2C57513-E12C-404B-BDEB-4C83A885B614} = {58E95410-CE15-4CDF-BC44-482F39D5DD46}
		{7BD24B1E-C001-496F-9AE3-3FF7889F9159} = {1F90A797-0CF4-4DBA-BAA9-332654910208}
	EndGlobalSection
	GlobalSection(ExtensibilityGlobals) = postSolution
		SolutionGuid = {B5DFBCB6-F0D7-4BB8-965C-F853DF088BA2}
	EndGlobalSection
EndGlobal
